
Microsoft Visual Studio Solution File, Format Version 12.00
# Visual Studio 14
VisualStudioVersion = 14.0.23107.0
MinimumVisualStudioVersion = 10.0.40219.1
Project("{FAE04EC0-301F-11D3-BF4B-00C04F79EFBC}") = "GradientGenerator", "GradientGenerator.csproj", "{9BF182EC-B682-4F92-814A-041C950647B3}"
EndProject
Project("{FAE04EC0-301F-11D3-BF4B-00C04F79EFBC}") = "GradientGeneratorTest", "..\GradientGeneratorTest\GradientGeneratorTest.csproj", "{F942633C-C2E1-43C9-9F54-705C2456FE84}"
EndProject
Global
	GlobalSection(SolutionConfigurationPlatforms) = preSolution
		Debug|Any CPU = Debug|Any CPU
		Release|Any CPU = Release|Any CPU
	EndGlobalSection
	GlobalSection(ProjectConfigurationPlatforms) = postSolution
		{9BF182EC-B682-4F92-814A-041C950647B3}.Debug|Any CPU.ActiveCfg = Debug|Any CPU
		{9BF182EC-B682-4F92-814A-041C950647B3}.Debug|Any CPU.Build.0 = Debug|Any CPU
		{9BF182EC-B682-4F92-814A-041C950647B3}.Release|Any CPU.ActiveCfg = Release|Any CPU
		{9BF182EC-B682-4F92-814A-041C950647B3}.Release|Any CPU.Build.0 = Release|Any CPU
		{F942633C-C2E1-43C9-9F54-705C2456FE84}.Debug|Any CPU.ActiveCfg = Debug|Any CPU
		{F942633C-C2E1-43C9-9F54-705C2456FE84}.Debug|Any CPU.Build.0 = Debug|Any CPU
		{F942633C-C2E1-43C9-9F54-705C2456FE84}.Release|Any CPU.ActiveCfg = Release|Any CPU
		{F942633C-C2E1-43C9-9F54-705C2456FE84}.Release|Any CPU.Build.0 = Release|Any CPU
	EndGlobalSection
	GlobalSection(SolutionProperties) = preSolution
		HideSolutionNode = FALSE
	EndGlobalSection
EndGlobal
